
Microsoft Visual Studio Solution File, Format Version 12.00
# Visual Studio Version 16
VisualStudioVersion = 16.0.30011.22
MinimumVisualStudioVersion = 10.0.40219.1
Project("{FAE04EC0-301F-11D3-BF4B-00C04F79EFBC}") = "dados", "dados.csproj", "{6396454E-0C01-465F-B72E-287D9299E689}"
EndProject
Global
	GlobalSection(SolutionConfigurationPlatforms) = preSolution
		Debug|Any CPU = Debug|Any CPU
		Release|Any CPU = Release|Any CPU
	EndGlobalSection
	GlobalSection(ProjectConfigurationPlatforms) = postSolution
		{6396454E-0C01-465F-B72E-287D9299E689}.Debug|Any CPU.ActiveCfg = Debug|Any CPU
		{6396454E-0C01-465F-B72E-287D9299E689}.Debug|Any CPU.Build.0 = Debug|Any CPU
		{6396454E-0C01-465F-B72E-287D9299E689}.Release|Any CPU.ActiveCfg = Release|Any CPU
		{6396454E-0C01-465F-B72E-287D9299E689}.Release|Any CPU.Build.0 = Release|Any CPU
	EndGlobalSection
	GlobalSection(SolutionProperties) = preSolution
		HideSolutionNode = FALSE
	EndGlobalSection
	GlobalSection(ExtensibilityGlobals) = postSolution
		SolutionGuid = {27AC3DB8-E756-4DD4-897D-646C3342E634}
	EndGlobalSection
EndGlobal
